
Microsoft Visual Studio Solution File, Format Version 12.00
# Visual Studio 2013
VisualStudioVersion = 12.0.21005.1
MinimumVisualStudioVersion = 10.0.40219.1
Project("{FAE04EC0-301F-11D3-BF4B-00C04F79EFBC}") = "SoftUni.Collections.Generic", "Stack\SoftUni.Collections.Generic.csproj", "{DCC6D0BB-D3CE-4FEE-88FF-DDDA183005F5}"
EndProject
Project("{FAE04EC0-301F-11D3-BF4B-00C04F79EFBC}") = "SoftUni.Collections.Generic.Tests", "SoftUni.Collections.Generic.Tests\SoftUni.Collections.Generic.Tests.csproj", "{7D11F0C8-CAE3-4A7E-90D5-DA71E734ACC2}"
EndProject
Global
	GlobalSection(SolutionConfigurationPlatforms) = preSolution
		Debug|Any CPU = Debug|Any CPU
		Release|Any CPU = Release|Any CPU
	EndGlobalSection
	GlobalSection(ProjectConfigurationPlatforms) = postSolution
		{DCC6D0BB-D3CE-4FEE-88FF-DDDA183005F5}.Debug|Any CPU.ActiveCfg = Debug|Any CPU
		{DCC6D0BB-D3CE-4FEE-88FF-DDDA183005F5}.Debug|Any CPU.Build.0 = Debug|Any CPU
		{DCC6D0BB-D3CE-4FEE-88FF-DDDA183005F5}.Release|Any CPU.ActiveCfg = Release|Any CPU
		{DCC6D0BB-D3CE-4FEE-88FF-DDDA183005F5}.Release|Any CPU.Build.0 = Release|Any CPU
		{7D11F0C8-CAE3-4A7E-90D5-DA71E734ACC2}.Debug|Any CPU.ActiveCfg = Debug|Any CPU
		{7D11F0C8-CAE3-4A7E-90D5-DA71E734ACC2}.Debug|Any CPU.Build.0 = Debug|Any CPU
		{7D11F0C8-CAE3-4A7E-90D5-DA71E734ACC2}.Release|Any CPU.ActiveCfg = Release|Any CPU
		{7D11F0C8-CAE3-4A7E-90D5-DA71E734ACC2}.Release|Any CPU.Build.0 = Release|Any CPU
	EndGlobalSection
	GlobalSection(SolutionProperties) = preSolution
		HideSolutionNode = FALSE
	EndGlobalSection
EndGlobal
